
Microsoft Visual Studio Solution File, Format Version 12.00
# Visual Studio 2012
Project("{FAE04EC0-301F-11D3-BF4B-00C04F79EFBC}") = "Website", "Website\Website.csproj", "{4EEA45F9-724D-4FF4-B0D0-EE4816FE29EF}"
EndProject
Project("{FAE04EC0-301F-11D3-BF4B-00C04F79EFBC}") = "Core", "Core\Core.csproj", "{D8708FA8-2469-4357-9589-06BD847BDF92}"
EndProject
Project("{FAE04EC0-301F-11D3-BF4B-00C04F79EFBC}") = "WebJob", "WebJob\WebJob.csproj", "{7CAA269D-5E35-4475-896F-5ED7BADE9A47}"
EndProject
Global
	GlobalSection(SolutionConfigurationPlatforms) = preSolution
		Debug|Any CPU = Debug|Any CPU
		Release|Any CPU = Release|Any CPU
	EndGlobalSection
	GlobalSection(ProjectConfigurationPlatforms) = postSolution
		{4EEA45F9-724D-4FF4-B0D0-EE4816FE29EF}.Debug|Any CPU.ActiveCfg = Debug|Any CPU
		{4EEA45F9-724D-4FF4-B0D0-EE4816FE29EF}.Debug|Any CPU.Build.0 = Debug|Any CPU
		{4EEA45F9-724D-4FF4-B0D0-EE4816FE29EF}.Release|Any CPU.ActiveCfg = Release|Any CPU
		{4EEA45F9-724D-4FF4-B0D0-EE4816FE29EF}.Release|Any CPU.Build.0 = Release|Any CPU
		{D8708FA8-2469-4357-9589-06BD847BDF92}.Debug|Any CPU.ActiveCfg = Debug|Any CPU
		{D8708FA8-2469-4357-9589-06BD847BDF92}.Debug|Any CPU.Build.0 = Debug|Any CPU
		{D8708FA8-2469-4357-9589-06BD847BDF92}.Release|Any CPU.ActiveCfg = Release|Any CPU
		{D8708FA8-2469-4357-9589-06BD847BDF92}.Release|Any CPU.Build.0 = Release|Any CPU
		{7CAA269D-5E35-4475-896F-5ED7BADE9A47}.Debug|Any CPU.ActiveCfg = Debug|Any CPU
		{7CAA269D-5E35-4475-896F-5ED7BADE9A47}.Debug|Any CPU.Build.0 = Debug|Any CPU
		{7CAA269D-5E35-4475-896F-5ED7BADE9A47}.Release|Any CPU.ActiveCfg = Release|Any CPU
		{7CAA269D-5E35-4475-896F-5ED7BADE9A47}.Release|Any CPU.Build.0 = Release|Any CPU
	EndGlobalSection
	GlobalSection(SolutionProperties) = preSolution
		HideSolutionNode = FALSE
	EndGlobalSection
EndGlobal
